
Microsoft Visual Studio Solution File, Format Version 12.00
# Visual Studio Version 17
VisualStudioVersion = 17.4.32804.182
MinimumVisualStudioVersion = 10.0.40219.1
Project("{2150E333-8FDC-42A3-9474-1A3956D46DE8}") = "dependencies", "dependencies", "{51E405B7-131F-432A-AD62-E8136352ABC9}"
EndProject
Project("{2150E333-8FDC-42A3-9474-1A3956D46DE8}") = "IYLTDSU.Core", "IYLTDSU.Core", "{EC1EB4FF-11ED-4FDA-8D86-1383E06D8319}"
EndProject
Project("{9A19103F-16F7-4668-BE54-9A1E7A4F7556}") = "IYLTDSU.Shared", "dependencies\IYLTDSU.Core\IYLTDSU.Shared\IYLTDSU.Shared.csproj", "{61EA17A0-8CB0-4B50-940D-76E3B886F61C}"
EndProject
Project("{9A19103F-16F7-4668-BE54-9A1E7A4F7556}") = "IYLTDSU.Persistance", "dependencies\IYLTDSU.Core\IYLTDSU.Persistance\IYLTDSU.Persistance.csproj", "{1DC3E952-ED62-4734-889C-2140E1E0E927}"
EndProject
Project("{9A19103F-16F7-4668-BE54-9A1E7A4F7556}") = "IYLTDSU.Business", "dependencies\IYLTDSU.Core\IYLTDSU.Business\IYLTDSU.Business.csproj", "{7EF79936-8855-4D64-8B11-C3824C3DE4FE}"
EndProject
Project("{2150E333-8FDC-42A3-9474-1A3956D46DE8}") = "tests", "tests", "{56BF59FD-DF4D-457C-AFA3-C50017BC9AFA}"
EndProject
Project("{9A19103F-16F7-4668-BE54-9A1E7A4F7556}") = "IYLTDSU.Tests.Unit", "dependencies\IYLTDSU.Core\tests\IYLTDSU.Tests.Unit\IYLTDSU.Tests.Unit.csproj", "{C9FC41E1-F5A9-400E-A944-DC0BFFE6A096}"
EndProject
Project("{9A19103F-16F7-4668-BE54-9A1E7A4F7556}") = "IYLTDSU.Tests.Integration", "dependencies\IYLTDSU.Core\tests\IYLTDSU.Tests.Integration\IYLTDSU.Tests.Integration.csproj", "{F5EC9C8C-033A-4232-B961-79DC00CCF7C1}"
EndProject
Project("{9A19103F-16F7-4668-BE54-9A1E7A4F7556}") = "IYLTDSU.Tests.Functional", "dependencies\IYLTDSU.Core\tests\IYLTDSU.Tests.Functional\IYLTDSU.Tests.Functional.csproj", "{C08F49DF-745A-4ADC-B633-EFECF95477BB}"
EndProject
Project("{2150E333-8FDC-42A3-9474-1A3956D46DE8}") = "src", "src", "{837CCDE6-E388-4E57-91A8-1DC1874B4B08}"
EndProject
Project("{9A19103F-16F7-4668-BE54-9A1E7A4F7556}") = "IYLTDSU.Api", "src\IYLTDSU.Api.csproj", "{E8AC8E8D-7F6E-465E-9AAE-4DE7866F8F60}"
EndProject
Project("{2150E333-8FDC-42A3-9474-1A3956D46DE8}") = "Solution Items", "Solution Items", "{4F528D4B-FF05-4AEF-B270-6E8F5A6A9A4E}"
	ProjectSection(SolutionItems) = preProject
		.github\workflows\build-and-publish.yml = .github\workflows\build-and-publish.yml
	EndProjectSection
EndProject
Global
	GlobalSection(SolutionConfigurationPlatforms) = preSolution
		Debug|Any CPU = Debug|Any CPU
		Release|Any CPU = Release|Any CPU
	EndGlobalSection
	GlobalSection(ProjectConfigurationPlatforms) = postSolution
		{61EA17A0-8CB0-4B50-940D-76E3B886F61C}.Debug|Any CPU.ActiveCfg = Debug|Any CPU
		{61EA17A0-8CB0-4B50-940D-76E3B886F61C}.Debug|Any CPU.Build.0 = Debug|Any CPU
		{61EA17A0-8CB0-4B50-940D-76E3B886F61C}.Release|Any CPU.ActiveCfg = Release|Any CPU
		{61EA17A0-8CB0-4B50-940D-76E3B886F61C}.Release|Any CPU.Build.0 = Release|Any CPU
		{1DC3E952-ED62-4734-889C-2140E1E0E927}.Debug|Any CPU.ActiveCfg = Debug|Any CPU
		{1DC3E952-ED62-4734-889C-2140E1E0E927}.Debug|Any CPU.Build.0 = Debug|Any CPU
		{1DC3E952-ED62-4734-889C-2140E1E0E927}.Release|Any CPU.ActiveCfg = Release|Any CPU
		{1DC3E952-ED62-4734-889C-2140E1E0E927}.Release|Any CPU.Build.0 = Release|Any CPU
		{7EF79936-8855-4D64-8B11-C3824C3DE4FE}.Debug|Any CPU.ActiveCfg = Debug|Any CPU
		{7EF79936-8855-4D64-8B11-C3824C3DE4FE}.Debug|Any CPU.Build.0 = Debug|Any CPU
		{7EF79936-8855-4D64-8B11-C3824C3DE4FE}.Release|Any CPU.ActiveCfg = Release|Any CPU
		{7EF79936-8855-4D64-8B11-C3824C3DE4FE}.Release|Any CPU.Build.0 = Release|Any CPU
		{C9FC41E1-F5A9-400E-A944-DC0BFFE6A096}.Debug|Any CPU.ActiveCfg = Debug|Any CPU
		{C9FC41E1-F5A9-400E-A944-DC0BFFE6A096}.Debug|Any CPU.Build.0 = Debug|Any CPU
		{C9FC41E1-F5A9-400E-A944-DC0BFFE6A096}.Release|Any CPU.ActiveCfg = Release|Any CPU
		{C9FC41E1-F5A9-400E-A944-DC0BFFE6A096}.Release|Any CPU.Build.0 = Release|Any CPU
		{F5EC9C8C-033A-4232-B961-79DC00CCF7C1}.Debug|Any CPU.ActiveCfg = Debug|Any CPU
		{F5EC9C8C-033A-4232-B961-79DC00CCF7C1}.Debug|Any CPU.Build.0 = Debug|Any CPU
		{F5EC9C8C-033A-4232-B961-79DC00CCF7C1}.Release|Any CPU.ActiveCfg = Release|Any CPU
		{F5EC9C8C-033A-4232-B961-79DC00CCF7C1}.Release|Any CPU.Build.0 = Release|Any CPU
		{C08F49DF-745A-4ADC-B633-EFECF95477BB}.Debug|Any CPU.ActiveCfg = Debug|Any CPU
		{C08F49DF-745A-4ADC-B633-EFECF95477BB}.Debug|Any CPU.Build.0 = Debug|Any CPU
		{C08F49DF-745A-4ADC-B633-EFECF95477BB}.Release|Any CPU.ActiveCfg = Release|Any CPU
		{C08F49DF-745A-4ADC-B633-EFECF95477BB}.Release|Any CPU.Build.0 = Release|Any CPU
		{E8AC8E8D-7F6E-465E-9AAE-4DE7866F8F60}.Debug|Any CPU.ActiveCfg = Debug|Any CPU
		{E8AC8E8D-7F6E-465E-9AAE-4DE7866F8F60}.Debug|Any CPU.Build.0 = Debug|Any CPU
		{E8AC8E8D-7F6E-465E-9AAE-4DE7866F8F60}.Release|Any CPU.ActiveCfg = Release|Any CPU
		{E8AC8E8D-7F6E-465E-9AAE-4DE7866F8F60}.Release|Any CPU.Build.0 = Release|Any CPU
	EndGlobalSection
	GlobalSection(SolutionProperties) = preSolution
		HideSolutionNode = FALSE
	EndGlobalSection
	GlobalSection(NestedProjects) = preSolution
		{EC1EB4FF-11ED-4FDA-8D86-1383E06D8319} = {51E405B7-131F-432A-AD62-E8136352ABC9}
		{61EA17A0-8CB0-4B50-940D-76E3B886F61C} = {EC1EB4FF-11ED-4FDA-8D86-1383E06D8319}
		{1DC3E952-ED62-4734-889C-2140E1E0E927} = {EC1EB4FF-11ED-4FDA-8D86-1383E06D8319}
		{7EF79936-8855-4D64-8B11-C3824C3DE4FE} = {EC1EB4FF-11ED-4FDA-8D86-1383E06D8319}
		{56BF59FD-DF4D-457C-AFA3-C50017BC9AFA} = {EC1EB4FF-11ED-4FDA-8D86-1383E06D8319}
		{C9FC41E1-F5A9-400E-A944-DC0BFFE6A096} = {56BF59FD-DF4D-457C-AFA3-C50017BC9AFA}
		{F5EC9C8C-033A-4232-B961-79DC00CCF7C1} = {56BF59FD-DF4D-457C-AFA3-C50017BC9AFA}
		{C08F49DF-745A-4ADC-B633-EFECF95477BB} = {56BF59FD-DF4D-457C-AFA3-C50017BC9AFA}
		{E8AC8E8D-7F6E-465E-9AAE-4DE7866F8F60} = {837CCDE6-E388-4E57-91A8-1DC1874B4B08}
	EndGlobalSection
	GlobalSection(ExtensibilityGlobals) = postSolution
		SolutionGuid = {47BF6FEB-05FB-4B59-8A54-508B8E7B8851}
	EndGlobalSection
EndGlobal
